// !$*UTF8*$!
{
	archiveVersion = 1;
	classes = {
	};
	objectVersion = 77;
	objects = {

/* Begin PBXBuildFile section */
		23F091F22DAFECB900FB51B1 /* WidgetKit.framework in Frameworks */ = {isa = PBXBuildFile; fileRef = 23F091F12DAFECB900FB51B1 /* WidgetKit.framework */; };
		23F091F42DAFECB900FB51B1 /* SwiftUI.framework in Frameworks */ = {isa = PBXBuildFile; fileRef = 23F091F32DAFECB900FB51B1 /* SwiftUI.framework */; };
		23F092052DAFECBB00FB51B1 /* EaseIdfWidgetExtension.appex in Embed Foundation Extensions */ = {isa = PBXBuildFile; fileRef = 23F091EF2DAFECB900FB51B1 /* EaseIdfWidgetExtension.appex */; settings = {ATTRIBUTES = (RemoveHeadersOnCopy, ); }; };
/* End PBXBuildFile section */

/* Begin PBXContainerItemProxy section */
		230B5FC32DAD4718000805E6 /* PBXContainerItemProxy */ = {
			isa = PBXContainerItemProxy;
			containerPortal = 230B5FA82DAD4714000805E6 /* Project object */;
			proxyType = 1;
			remoteGlobalIDString = 230B5FAF2DAD4714000805E6;
			remoteInfo = EaseIdf;
		};
		230B5FCD2DAD4718000805E6 /* PBXContainerItemProxy */ = {
			isa = PBXContainerItemProxy;
			containerPortal = 230B5FA82DAD4714000805E6 /* Project object */;
			proxyType = 1;
			remoteGlobalIDString = 230B5FAF2DAD4714000805E6;
			remoteInfo = EaseIdf;
		};
		23F092032DAFECBB00FB51B1 /* PBXContainerItemProxy */ = {
			isa = PBXContainerItemProxy;
			containerPortal = 230B5FA82DAD4714000805E6 /* Project object */;
			proxyType = 1;
			remoteGlobalIDString = 23F091EE2DAFECB900FB51B1;
			remoteInfo = EaseIdfWidgetExtension;
		};
/* End PBXContainerItemProxy section */

/* Begin PBXCopyFilesBuildPhase section */
		23F0920A2DAFECBB00FB51B1 /* Embed Foundation Extensions */ = {
			isa = PBXCopyFilesBuildPhase;
			buildActionMask = 2147483647;
			dstPath = "";
			dstSubfolderSpec = 13;
			files = (
				23F092052DAFECBB00FB51B1 /* EaseIdfWidgetExtension.appex in Embed Foundation Extensions */,
			);
			name = "Embed Foundation Extensions";
			runOnlyForDeploymentPostprocessing = 0;
		};
/* End PBXCopyFilesBuildPhase section */

/* Begin PBXFileReference section */
		230B5FB02DAD4714000805E6 /* EaseIdf.app */ = {isa = PBXFileReference; explicitFileType = wrapper.application; includeInIndex = 0; path = EaseIdf.app; sourceTree = BUILT_PRODUCTS_DIR; };
		230B5FC22DAD4718000805E6 /* EaseIdfTests.xctest */ = {isa = PBXFileReference; explicitFileType = wrapper.cfbundle; includeInIndex = 0; path = EaseIdfTests.xctest; sourceTree = BUILT_PRODUCTS_DIR; };
		230B5FCC2DAD4718000805E6 /* EaseIdfUITests.xctest */ = {isa = PBXFileReference; explicitFileType = wrapper.cfbundle; includeInIndex = 0; path = EaseIdfUITests.xctest; sourceTree = BUILT_PRODUCTS_DIR; };
		23F091EF2DAFECB900FB51B1 /* EaseIdfWidgetExtension.appex */ = {isa = PBXFileReference; explicitFileType = "wrapper.app-extension"; includeInIndex = 0; path = EaseIdfWidgetExtension.appex; sourceTree = BUILT_PRODUCTS_DIR; };
		23F091F12DAFECB900FB51B1 /* WidgetKit.framework */ = {isa = PBXFileReference; lastKnownFileType = wrapper.framework; name = WidgetKit.framework; path = System/Library/Frameworks/WidgetKit.framework; sourceTree = SDKROOT; };
		23F091F32DAFECB900FB51B1 /* SwiftUI.framework */ = {isa = PBXFileReference; lastKnownFileType = wrapper.framework; name = SwiftUI.framework; path = System/Library/Frameworks/SwiftUI.framework; sourceTree = SDKROOT; };
		23F0920C2DAFECEA00FB51B1 /* EaseIdfWidgetExtension.entitlements */ = {isa = PBXFileReference; lastKnownFileType = text.plist.entitlements; path = EaseIdfWidgetExtension.entitlements; sourceTree = "<group>"; };
/* End PBXFileReference section */

/* Begin PBXFileSystemSynchronizedBuildFileExceptionSet section */
		23F092062DAFECBB00FB51B1 /* Exceptions for "EaseIdfWidget" folder in "EaseIdfWidgetExtension" target */ = {
			isa = PBXFileSystemSynchronizedBuildFileExceptionSet;
			membershipExceptions = (
				Info.plist,
			);
			target = 23F091EE2DAFECB900FB51B1 /* EaseIdfWidgetExtension */;
		};
		23F0920E2DAFED0800FB51B1 /* Exceptions for "EaseIdf" folder in "EaseIdfWidgetExtension" target */ = {
			isa = PBXFileSystemSynchronizedBuildFileExceptionSet;
			membershipExceptions = (
				Helpers/Color.swift,
				Helpers/Direction.swift,
				Models/Coordinates.swift,
				Models/Departure.swift,
				Models/DisplayCondition.swift,
				Models/Imported/ImportedLine.swift,
				Models/Imported/ImportedStop.swift,
				Models/Operator.swift,
				Models/StopType.swift,
				Models/TransportFavorite.swift,
				Models/TransportLine.swift,
				Models/TransportMode.swift,
				Models/TransportStop.swift,
				Models/UserSettings.swift,
				Models/Widget/WidgetData.swift,
				Ressources/KeychainConstants.swift,
			);
			target = 23F091EE2DAFECB900FB51B1 /* EaseIdfWidgetExtension */;
		};
/* End PBXFileSystemSynchronizedBuildFileExceptionSet section */

/* Begin PBXFileSystemSynchronizedRootGroup section */
		230B5FB22DAD4714000805E6 /* EaseIdf */ = {
			isa = PBXFileSystemSynchronizedRootGroup;
			exceptions = (
				23F0920E2DAFED0800FB51B1 /* Exceptions for "EaseIdf" folder in "EaseIdfWidgetExtension" target */,
			);
			path = EaseIdf;
			sourceTree = "<group>";
		};
		230B5FC52DAD4718000805E6 /* EaseIdfTests */ = {
			isa = PBXFileSystemSynchronizedRootGroup;
			path = EaseIdfTests;
			sourceTree = "<group>";
		};
		230B5FCF2DAD4718000805E6 /* EaseIdfUITests */ = {
			isa = PBXFileSystemSynchronizedRootGroup;
			path = EaseIdfUITests;
			sourceTree = "<group>";
		};
		23F091F52DAFECB900FB51B1 /* EaseIdfWidget */ = {
			isa = PBXFileSystemSynchronizedRootGroup;
			exceptions = (
				23F092062DAFECBB00FB51B1 /* Exceptions for "EaseIdfWidget" folder in "EaseIdfWidgetExtension" target */,
			);
			path = EaseIdfWidget;
			sourceTree = "<group>";
		};
/* End PBXFileSystemSynchronizedRootGroup section */

/* Begin PBXFrameworksBuildPhase section */
		230B5FAD2DAD4714000805E6 /* Frameworks */ = {
			isa = PBXFrameworksBuildPhase;
			buildActionMask = 2147483647;
			files = (
			);
			runOnlyForDeploymentPostprocessing = 0;
		};
		230B5FBF2DAD4718000805E6 /* Frameworks */ = {
			isa = PBXFrameworksBuildPhase;
			buildActionMask = 2147483647;
			files = (
			);
			runOnlyForDeploymentPostprocessing = 0;
		};
		230B5FC92DAD4718000805E6 /* Frameworks */ = {
			isa = PBXFrameworksBuildPhase;
			buildActionMask = 2147483647;
			files = (
			);
			runOnlyForDeploymentPostprocessing = 0;
		};
		23F091EC2DAFECB900FB51B1 /* Frameworks */ = {
			isa = PBXFrameworksBuildPhase;
			buildActionMask = 2147483647;
			files = (
				23F091F42DAFECB900FB51B1 /* SwiftUI.framework in Frameworks */,
				23F091F22DAFECB900FB51B1 /* WidgetKit.framework in Frameworks */,
			);
			runOnlyForDeploymentPostprocessing = 0;
		};
/* End PBXFrameworksBuildPhase section */

/* Begin PBXGroup section */
		230B5FA72DAD4714000805E6 = {
			isa = PBXGroup;
			children = (
				23F0920C2DAFECEA00FB51B1 /* EaseIdfWidgetExtension.entitlements */,
				230B5FB22DAD4714000805E6 /* EaseIdf */,
				230B5FC52DAD4718000805E6 /* EaseIdfTests */,
				230B5FCF2DAD4718000805E6 /* EaseIdfUITests */,
				23F091F52DAFECB900FB51B1 /* EaseIdfWidget */,
				23F091F02DAFECB900FB51B1 /* Frameworks */,
				230B5FB12DAD4714000805E6 /* Products */,
			);
			sourceTree = "<group>";
		};
		230B5FB12DAD4714000805E6 /* Products */ = {
			isa = PBXGroup;
			children = (
				230B5FB02DAD4714000805E6 /* EaseIdf.app */,
				230B5FC22DAD4718000805E6 /* EaseIdfTests.xctest */,
				230B5FCC2DAD4718000805E6 /* EaseIdfUITests.xctest */,
				23F091EF2DAFECB900FB51B1 /* EaseIdfWidgetExtension.appex */,
			);
			name = Products;
			sourceTree = "<group>";
		};
		23F091F02DAFECB900FB51B1 /* Frameworks */ = {
			isa = PBXGroup;
			children = (
				23F091F12DAFECB900FB51B1 /* WidgetKit.framework */,
				23F091F32DAFECB900FB51B1 /* SwiftUI.framework */,
			);
			name = Frameworks;
			sourceTree = "<group>";
		};
/* End PBXGroup section */

/* Begin PBXNativeTarget section */
		230B5FAF2DAD4714000805E6 /* EaseIdf */ = {
			isa = PBXNativeTarget;
			buildConfigurationList = 230B5FD62DAD4718000805E6 /* Build configuration list for PBXNativeTarget "EaseIdf" */;
			buildPhases = (
				230B5FAC2DAD4714000805E6 /* Sources */,
				230B5FAD2DAD4714000805E6 /* Frameworks */,
				230B5FAE2DAD4714000805E6 /* Resources */,
				23F0920A2DAFECBB00FB51B1 /* Embed Foundation Extensions */,
			);
			buildRules = (
			);
			dependencies = (
				23F092042DAFECBB00FB51B1 /* PBXTargetDependency */,
			);
			fileSystemSynchronizedGroups = (
				230B5FB22DAD4714000805E6 /* EaseIdf */,
			);
			name = EaseIdf;
			packageProductDependencies = (
			);
			productName = EaseIdf;
			productReference = 230B5FB02DAD4714000805E6 /* EaseIdf.app */;
			productType = "com.apple.product-type.application";
		};
		230B5FC12DAD4718000805E6 /* EaseIdfTests */ = {
			isa = PBXNativeTarget;
			buildConfigurationList = 230B5FD92DAD4718000805E6 /* Build configuration list for PBXNativeTarget "EaseIdfTests" */;
			buildPhases = (
				230B5FBE2DAD4718000805E6 /* Sources */,
				230B5FBF2DAD4718000805E6 /* Frameworks */,
				230B5FC02DAD4718000805E6 /* Resources */,
			);
			buildRules = (
			);
			dependencies = (
				230B5FC42DAD4718000805E6 /* PBXTargetDependency */,
			);
			fileSystemSynchronizedGroups = (
				230B5FC52DAD4718000805E6 /* EaseIdfTests */,
			);
			name = EaseIdfTests;
			packageProductDependencies = (
			);
			productName = EaseIdfTests;
			productReference = 230B5FC22DAD4718000805E6 /* EaseIdfTests.xctest */;
			productType = "com.apple.product-type.bundle.unit-test";
		};
		230B5FCB2DAD4718000805E6 /* EaseIdfUITests */ = {
			isa = PBXNativeTarget;
			buildConfigurationList = 230B5FDC2DAD4718000805E6 /* Build configuration list for PBXNativeTarget "EaseIdfUITests" */;
			buildPhases = (
				230B5FC82DAD4718000805E6 /* Sources */,
				230B5FC92DAD4718000805E6 /* Frameworks */,
				230B5FCA2DAD4718000805E6 /* Resources */,
			);
			buildRules = (
			);
			dependencies = (
				230B5FCE2DAD4718000805E6 /* PBXTargetDependency */,
			);
			fileSystemSynchronizedGroups = (
				230B5FCF2DAD4718000805E6 /* EaseIdfUITests */,
			);
			name = EaseIdfUITests;
			packageProductDependencies = (
			);
			productName = EaseIdfUITests;
			productReference = 230B5FCC2DAD4718000805E6 /* EaseIdfUITests.xctest */;
			productType = "com.apple.product-type.bundle.ui-testing";
		};
		23F091EE2DAFECB900FB51B1 /* EaseIdfWidgetExtension */ = {
			isa = PBXNativeTarget;
			buildConfigurationList = 23F092072DAFECBB00FB51B1 /* Build configuration list for PBXNativeTarget "EaseIdfWidgetExtension" */;
			buildPhases = (
				23F091EB2DAFECB900FB51B1 /* Sources */,
				23F091EC2DAFECB900FB51B1 /* Frameworks */,
				23F091ED2DAFECB900FB51B1 /* Resources */,
			);
			buildRules = (
			);
			dependencies = (
			);
			fileSystemSynchronizedGroups = (
				23F091F52DAFECB900FB51B1 /* EaseIdfWidget */,
			);
			name = EaseIdfWidgetExtension;
			packageProductDependencies = (
			);
			productName = EaseIdfWidgetExtension;
			productReference = 23F091EF2DAFECB900FB51B1 /* EaseIdfWidgetExtension.appex */;
			productType = "com.apple.product-type.app-extension";
		};
/* End PBXNativeTarget section */

/* Begin PBXProject section */
		230B5FA82DAD4714000805E6 /* Project object */ = {
			isa = PBXProject;
			attributes = {
				BuildIndependentTargetsInParallel = 1;
				LastSwiftUpdateCheck = 1620;
				LastUpgradeCheck = 1620;
				TargetAttributes = {
					230B5FAF2DAD4714000805E6 = {
						CreatedOnToolsVersion = 16.2;
					};
					230B5FC12DAD4718000805E6 = {
						CreatedOnToolsVersion = 16.2;
						TestTargetID = 230B5FAF2DAD4714000805E6;
					};
					230B5FCB2DAD4718000805E6 = {
						CreatedOnToolsVersion = 16.2;
						TestTargetID = 230B5FAF2DAD4714000805E6;
					};
					23F091EE2DAFECB900FB51B1 = {
						CreatedOnToolsVersion = 16.2;
					};
				};
			};
			buildConfigurationList = 230B5FAB2DAD4714000805E6 /* Build configuration list for PBXProject "EaseIdf" */;
			developmentRegion = en;
			hasScannedForEncodings = 0;
			knownRegions = (
				en,
				Base,
			);
			mainGroup = 230B5FA72DAD4714000805E6;
			minimizedProjectReferenceProxies = 1;
			preferredProjectObjectVersion = 77;
			productRefGroup = 230B5FB12DAD4714000805E6 /* Products */;
			projectDirPath = "";
			projectRoot = "";
			targets = (
				230B5FAF2DAD4714000805E6 /* EaseIdf */,
				230B5FC12DAD4718000805E6 /* EaseIdfTests */,
				230B5FCB2DAD4718000805E6 /* EaseIdfUITests */,
				23F091EE2DAFECB900FB51B1 /* EaseIdfWidgetExtension */,
			);
		};
/* End PBXProject section */

/* Begin PBXResourcesBuildPhase section */
		230B5FAE2DAD4714000805E6 /* Resources */ = {
			isa = PBXResourcesBuildPhase;
			buildActionMask = 2147483647;
			files = (
			);
			runOnlyForDeploymentPostprocessing = 0;
		};
		230B5FC02DAD4718000805E6 /* Resources */ = {
			isa = PBXResourcesBuildPhase;
			buildActionMask = 2147483647;
			files = (
			);
			runOnlyForDeploymentPostprocessing = 0;
		};
		230B5FCA2DAD4718000805E6 /* Resources */ = {
			isa = PBXResourcesBuildPhase;
			buildActionMask = 2147483647;
			files = (
			);
			runOnlyForDeploymentPostprocessing = 0;
		};
		23F091ED2DAFECB900FB51B1 /* Resources */ = {
			isa = PBXResourcesBuildPhase;
			buildActionMask = 2147483647;
			files = (
			);
			runOnlyForDeploymentPostprocessing = 0;
		};
/* End PBXResourcesBuildPhase section */

/* Begin PBXSourcesBuildPhase section */
		230B5FAC2DAD4714000805E6 /* Sources */ = {
			isa = PBXSourcesBuildPhase;
			buildActionMask = 2147483647;
			files = (
			);
			runOnlyForDeploymentPostprocessing = 0;
		};
		230B5FBE2DAD4718000805E6 /* Sources */ = {
			isa = PBXSourcesBuildPhase;
			buildActionMask = 2147483647;
			files = (
			);
			runOnlyForDeploymentPostprocessing = 0;
		};
		230B5FC82DAD4718000805E6 /* Sources */ = {
			isa = PBXSourcesBuildPhase;
			buildActionMask = 2147483647;
			files = (
			);
			runOnlyForDeploymentPostprocessing = 0;
		};
		23F091EB2DAFECB900FB51B1 /* Sources */ = {
			isa = PBXSourcesBuildPhase;
			buildActionMask = 2147483647;
			files = (
			);
			runOnlyForDeploymentPostprocessing = 0;
		};
/* End PBXSourcesBuildPhase section */

/* Begin PBXTargetDependency section */
		230B5FC42DAD4718000805E6 /* PBXTargetDependency */ = {
			isa = PBXTargetDependency;
			target = 230B5FAF2DAD4714000805E6 /* EaseIdf */;
			targetProxy = 230B5FC32DAD4718000805E6 /* PBXContainerItemProxy */;
		};
		230B5FCE2DAD4718000805E6 /* PBXTargetDependency */ = {
			isa = PBXTargetDependency;
			target = 230B5FAF2DAD4714000805E6 /* EaseIdf */;
			targetProxy = 230B5FCD2DAD4718000805E6 /* PBXContainerItemProxy */;
		};
		23F092042DAFECBB00FB51B1 /* PBXTargetDependency */ = {
			isa = PBXTargetDependency;
			target = 23F091EE2DAFECB900FB51B1 /* EaseIdfWidgetExtension */;
			targetProxy = 23F092032DAFECBB00FB51B1 /* PBXContainerItemProxy */;
		};
/* End PBXTargetDependency section */

/* Begin XCBuildConfiguration section */
		230B5FD42DAD4718000805E6 /* Debug */ = {
			isa = XCBuildConfiguration;
			buildSettings = {
				ALWAYS_SEARCH_USER_PATHS = NO;
				ASSETCATALOG_COMPILER_GENERATE_SWIFT_ASSET_SYMBOL_EXTENSIONS = YES;
				CLANG_ANALYZER_NONNULL = YES;
				CLANG_ANALYZER_NUMBER_OBJECT_CONVERSION = YES_AGGRESSIVE;
				CLANG_CXX_LANGUAGE_STANDARD = "gnu++20";
				CLANG_ENABLE_MODULES = YES;
				CLANG_ENABLE_OBJC_ARC = YES;
				CLANG_ENABLE_OBJC_WEAK = YES;
				CLANG_WARN_BLOCK_CAPTURE_AUTORELEASING = YES;
				CLANG_WARN_BOOL_CONVERSION = YES;
				CLANG_WARN_COMMA = YES;
				CLANG_WARN_CONSTANT_CONVERSION = YES;
				CLANG_WARN_DEPRECATED_OBJC_IMPLEMENTATIONS = YES;
				CLANG_WARN_DIRECT_OBJC_ISA_USAGE = YES_ERROR;
				CLANG_WARN_DOCUMENTATION_COMMENTS = YES;
				CLANG_WARN_EMPTY_BODY = YES;
				CLANG_WARN_ENUM_CONVERSION = YES;
				CLANG_WARN_INFINITE_RECURSION = YES;
				CLANG_WARN_INT_CONVERSION = YES;
				CLANG_WARN_NON_LITERAL_NULL_CONVERSION = YES;
				CLANG_WARN_OBJC_IMPLICIT_RETAIN_SELF = YES;
				CLANG_WARN_OBJC_LITERAL_CONVERSION = YES;
				CLANG_WARN_OBJC_ROOT_CLASS = YES_ERROR;
				CLANG_WARN_QUOTED_INCLUDE_IN_FRAMEWORK_HEADER = YES;
				CLANG_WARN_RANGE_LOOP_ANALYSIS = YES;
				CLANG_WARN_STRICT_PROTOTYPES = YES;
				CLANG_WARN_SUSPICIOUS_MOVE = YES;
				CLANG_WARN_UNGUARDED_AVAILABILITY = YES_AGGRESSIVE;
				CLANG_WARN_UNREACHABLE_CODE = YES;
				CLANG_WARN__DUPLICATE_METHOD_MATCH = YES;
				COPY_PHASE_STRIP = NO;
				DEBUG_INFORMATION_FORMAT = dwarf;
				ENABLE_STRICT_OBJC_MSGSEND = YES;
				ENABLE_TESTABILITY = YES;
				ENABLE_USER_SCRIPT_SANDBOXING = YES;
				GCC_C_LANGUAGE_STANDARD = gnu17;
				GCC_DYNAMIC_NO_PIC = NO;
				GCC_NO_COMMON_BLOCKS = YES;
				GCC_OPTIMIZATION_LEVEL = 0;
				GCC_PREPROCESSOR_DEFINITIONS = (
					"DEBUG=1",
					"$(inherited)",
				);
				GCC_WARN_64_TO_32_BIT_CONVERSION = YES;
				GCC_WARN_ABOUT_RETURN_TYPE = YES_ERROR;
				GCC_WARN_UNDECLARED_SELECTOR = YES;
				GCC_WARN_UNINITIALIZED_AUTOS = YES_AGGRESSIVE;
				GCC_WARN_UNUSED_FUNCTION = YES;
				GCC_WARN_UNUSED_VARIABLE = YES;
				IPHONEOS_DEPLOYMENT_TARGET = 18.0;
				LOCALIZATION_PREFERS_STRING_CATALOGS = YES;
				MTL_ENABLE_DEBUG_INFO = INCLUDE_SOURCE;
				MTL_FAST_MATH = YES;
				ONLY_ACTIVE_ARCH = YES;
				SDKROOT = iphoneos;
				SWIFT_ACTIVE_COMPILATION_CONDITIONS = "DEBUG $(inherited)";
				SWIFT_OPTIMIZATION_LEVEL = "-Onone";
			};
			name = Debug;
		};
		230B5FD52DAD4718000805E6 /* Release */ = {
			isa = XCBuildConfiguration;
			buildSettings = {
				ALWAYS_SEARCH_USER_PATHS = NO;
				ASSETCATALOG_COMPILER_GENERATE_SWIFT_ASSET_SYMBOL_EXTENSIONS = YES;
				CLANG_ANALYZER_NONNULL = YES;
				CLANG_ANALYZER_NUMBER_OBJECT_CONVERSION = YES_AGGRESSIVE;
				CLANG_CXX_LANGUAGE_STANDARD = "gnu++20";
				CLANG_ENABLE_MODULES = YES;
				CLANG_ENABLE_OBJC_ARC = YES;
				CLANG_ENABLE_OBJC_WEAK = YES;
				CLANG_WARN_BLOCK_CAPTURE_AUTORELEASING = YES;
				CLANG_WARN_BOOL_CONVERSION = YES;
				CLANG_WARN_COMMA = YES;
				CLANG_WARN_CONSTANT_CONVERSION = YES;
				CLANG_WARN_DEPRECATED_OBJC_IMPLEMENTATIONS = YES;
				CLANG_WARN_DIRECT_OBJC_ISA_USAGE = YES_ERROR;
				CLANG_WARN_DOCUMENTATION_COMMENTS = YES;
				CLANG_WARN_EMPTY_BODY = YES;
				CLANG_WARN_ENUM_CONVERSION = YES;
				CLANG_WARN_INFINITE_RECURSION = YES;
				CLANG_WARN_INT_CONVERSION = YES;
				CLANG_WARN_NON_LITERAL_NULL_CONVERSION = YES;
				CLANG_WARN_OBJC_IMPLICIT_RETAIN_SELF = YES;
				CLANG_WARN_OBJC_LITERAL_CONVERSION = YES;
				CLANG_WARN_OBJC_ROOT_CLASS = YES_ERROR;
				CLANG_WARN_QUOTED_INCLUDE_IN_FRAMEWORK_HEADER = YES;
				CLANG_WARN_RANGE_LOOP_ANALYSIS = YES;
				CLANG_WARN_STRICT_PROTOTYPES = YES;
				CLANG_WARN_SUSPICIOUS_MOVE = YES;
				CLANG_WARN_UNGUARDED_AVAILABILITY = YES_AGGRESSIVE;
				CLANG_WARN_UNREACHABLE_CODE = YES;
				CLANG_WARN__DUPLICATE_METHOD_MATCH = YES;
				COPY_PHASE_STRIP = NO;
				DEBUG_INFORMATION_FORMAT = "dwarf-with-dsym";
				ENABLE_NS_ASSERTIONS = NO;
				ENABLE_STRICT_OBJC_MSGSEND = YES;
				ENABLE_USER_SCRIPT_SANDBOXING = YES;
				GCC_C_LANGUAGE_STANDARD = gnu17;
				GCC_NO_COMMON_BLOCKS = YES;
				GCC_WARN_64_TO_32_BIT_CONVERSION = YES;
				GCC_WARN_ABOUT_RETURN_TYPE = YES_ERROR;
				GCC_WARN_UNDECLARED_SELECTOR = YES;
				GCC_WARN_UNINITIALIZED_AUTOS = YES_AGGRESSIVE;
				GCC_WARN_UNUSED_FUNCTION = YES;
				GCC_WARN_UNUSED_VARIABLE = YES;
				IPHONEOS_DEPLOYMENT_TARGET = 18.0;
				LOCALIZATION_PREFERS_STRING_CATALOGS = YES;
				MTL_ENABLE_DEBUG_INFO = NO;
				MTL_FAST_MATH = YES;
				SDKROOT = iphoneos;
				SWIFT_COMPILATION_MODE = wholemodule;
				VALIDATE_PRODUCT = YES;
			};
			name = Release;
		};
		230B5FD72DAD4718000805E6 /* Debug */ = {
			isa = XCBuildConfiguration;
			buildSettings = {
				ASSETCATALOG_COMPILER_APPICON_NAME = AppIcon;
				ASSETCATALOG_COMPILER_GLOBAL_ACCENT_COLOR_NAME = AccentColor;
				CODE_SIGN_ENTITLEMENTS = EaseIdf/EaseIdf.entitlements;
				CODE_SIGN_STYLE = Automatic;
				CURRENT_PROJECT_VERSION = 1;
				DEVELOPMENT_ASSET_PATHS = "\"EaseIdf/Preview Content\"";
				DEVELOPMENT_TEAM = 29Z7LTN8PP;
				ENABLE_PREVIEWS = YES;
				GENERATE_INFOPLIST_FILE = YES;
				INFOPLIST_KEY_NSLocationWhenInUseUsageDescription = "EaseIDF a besoin de votre localisation pour afficher les transports pertinents près de vous.";
				INFOPLIST_KEY_UIApplicationSceneManifest_Generation = YES;
				INFOPLIST_KEY_UIApplicationSupportsIndirectInputEvents = YES;
				INFOPLIST_KEY_UILaunchScreen_Generation = YES;
				INFOPLIST_KEY_UISupportedInterfaceOrientations_iPad = "UIInterfaceOrientationPortrait UIInterfaceOrientationPortraitUpsideDown UIInterfaceOrientationLandscapeLeft UIInterfaceOrientationLandscapeRight";
				INFOPLIST_KEY_UISupportedInterfaceOrientations_iPhone = "UIInterfaceOrientationPortrait UIInterfaceOrientationLandscapeLeft UIInterfaceOrientationLandscapeRight";
				LD_RUNPATH_SEARCH_PATHS = (
					"$(inherited)",
					"@executable_path/Frameworks",
				);
				MARKETING_VERSION = 1.0;
				PRODUCT_BUNDLE_IDENTIFIER = com.samueldeliens.EaseIdf;
				PRODUCT_NAME = "$(TARGET_NAME)";
				SWIFT_EMIT_LOC_STRINGS = YES;
				SWIFT_VERSION = 5.0;
				TARGETED_DEVICE_FAMILY = "1,2";
			};
			name = Debug;
		};
		230B5FD82DAD4718000805E6 /* Release */ = {
			isa = XCBuildConfiguration;
			buildSettings = {
				ASSETCATALOG_COMPILER_APPICON_NAME = AppIcon;
				ASSETCATALOG_COMPILER_GLOBAL_ACCENT_COLOR_NAME = AccentColor;
				CODE_SIGN_ENTITLEMENTS = EaseIdf/EaseIdf.entitlements;
				CODE_SIGN_STYLE = Automatic;
				CURRENT_PROJECT_VERSION = 1;
				DEVELOPMENT_ASSET_PATHS = "\"EaseIdf/Preview Content\"";
				DEVELOPMENT_TEAM = 29Z7LTN8PP;
				ENABLE_PREVIEWS = YES;
				GENERATE_INFOPLIST_FILE = YES;
				INFOPLIST_KEY_NSLocationWhenInUseUsageDescription = "EaseIDF a besoin de votre localisation pour afficher les transports pertinents près de vous.";
				INFOPLIST_KEY_UIApplicationSceneManifest_Generation = YES;
				INFOPLIST_KEY_UIApplicationSupportsIndirectInputEvents = YES;
				INFOPLIST_KEY_UILaunchScreen_Generation = YES;
				INFOPLIST_KEY_UISupportedInterfaceOrientations_iPad = "UIInterfaceOrientationPortrait UIInterfaceOrientationPortraitUpsideDown UIInterfaceOrientationLandscapeLeft UIInterfaceOrientationLandscapeRight";
				INFOPLIST_KEY_UISupportedInterfaceOrientations_iPhone = "UIInterfaceOrientationPortrait UIInterfaceOrientationLandscapeLeft UIInterfaceOrientationLandscapeRight";
				LD_RUNPATH_SEARCH_PATHS = (
					"$(inherited)",
					"@executable_path/Frameworks",
				);
				MARKETING_VERSION = 1.0;
				PRODUCT_BUNDLE_IDENTIFIER = com.samueldeliens.EaseIdf;
				PRODUCT_NAME = "$(TARGET_NAME)";
				SWIFT_EMIT_LOC_STRINGS = YES;
				SWIFT_VERSION = 5.0;
				TARGETED_DEVICE_FAMILY = "1,2";
			};
			name = Release;
		};
		230B5FDA2DAD4718000805E6 /* Debug */ = {
			isa = XCBuildConfiguration;
			buildSettings = {
				BUNDLE_LOADER = "$(TEST_HOST)";
				CODE_SIGN_STYLE = Automatic;
				CURRENT_PROJECT_VERSION = 1;
				DEVELOPMENT_TEAM = 29Z7LTN8PP;
				GENERATE_INFOPLIST_FILE = YES;
				IPHONEOS_DEPLOYMENT_TARGET = 18.2;
				MARKETING_VERSION = 1.0;
				PRODUCT_BUNDLE_IDENTIFIER = com.samueldeliens.EaseIdfTests;
				PRODUCT_NAME = "$(TARGET_NAME)";
				SWIFT_EMIT_LOC_STRINGS = NO;
				SWIFT_VERSION = 5.0;
				TARGETED_DEVICE_FAMILY = "1,2";
				TEST_HOST = "$(BUILT_PRODUCTS_DIR)/EaseIdf.app/$(BUNDLE_EXECUTABLE_FOLDER_PATH)/EaseIdf";
			};
			name = Debug;
		};
		230B5FDB2DAD4718000805E6 /* Release */ = {
			isa = XCBuildConfiguration;
			buildSettings = {
				BUNDLE_LOADER = "$(TEST_HOST)";
				CODE_SIGN_STYLE = Automatic;
				CURRENT_PROJECT_VERSION = 1;
				DEVELOPMENT_TEAM = 29Z7LTN8PP;
				GENERATE_INFOPLIST_FILE = YES;
				IPHONEOS_DEPLOYMENT_TARGET = 18.2;
				MARKETING_VERSION = 1.0;
				PRODUCT_BUNDLE_IDENTIFIER = com.samueldeliens.EaseIdfTests;
				PRODUCT_NAME = "$(TARGET_NAME)";
				SWIFT_EMIT_LOC_STRINGS = NO;
				SWIFT_VERSION = 5.0;
				TARGETED_DEVICE_FAMILY = "1,2";
				TEST_HOST = "$(BUILT_PRODUCTS_DIR)/EaseIdf.app/$(BUNDLE_EXECUTABLE_FOLDER_PATH)/EaseIdf";
			};
			name = Release;
		};
		230B5FDD2DAD4718000805E6 /* Debug */ = {
			isa = XCBuildConfiguration;
			buildSettings = {
				CODE_SIGN_STYLE = Automatic;
				CURRENT_PROJECT_VERSION = 1;
				DEVELOPMENT_TEAM = 29Z7LTN8PP;
				GENERATE_INFOPLIST_FILE = YES;
				MARKETING_VERSION = 1.0;
				PRODUCT_BUNDLE_IDENTIFIER = com.samueldeliens.EaseIdfUITests;
				PRODUCT_NAME = "$(TARGET_NAME)";
				SWIFT_EMIT_LOC_STRINGS = NO;
				SWIFT_VERSION = 5.0;
				TARGETED_DEVICE_FAMILY = "1,2";
				TEST_TARGET_NAME = EaseIdf;
			};
			name = Debug;
		};
		230B5FDE2DAD4718000805E6 /* Release */ = {
			isa = XCBuildConfiguration;
			buildSettings = {
				CODE_SIGN_STYLE = Automatic;
				CURRENT_PROJECT_VERSION = 1;
				DEVELOPMENT_TEAM = 29Z7LTN8PP;
				GENERATE_INFOPLIST_FILE = YES;
				MARKETING_VERSION = 1.0;
				PRODUCT_BUNDLE_IDENTIFIER = com.samueldeliens.EaseIdfUITests;
				PRODUCT_NAME = "$(TARGET_NAME)";
				SWIFT_EMIT_LOC_STRINGS = NO;
				SWIFT_VERSION = 5.0;
				TARGETED_DEVICE_FAMILY = "1,2";
				TEST_TARGET_NAME = EaseIdf;
			};
			name = Release;
		};
		23F092082DAFECBB00FB51B1 /* Debug */ = {
			isa = XCBuildConfiguration;
			buildSettings = {
				ASSETCATALOG_COMPILER_GLOBAL_ACCENT_COLOR_NAME = AccentColor;
				ASSETCATALOG_COMPILER_WIDGET_BACKGROUND_COLOR_NAME = WidgetBackground;
				CODE_SIGN_ENTITLEMENTS = EaseIdfWidgetExtension.entitlements;
				CODE_SIGN_STYLE = Automatic;
				CURRENT_PROJECT_VERSION = 1;
				DEVELOPMENT_TEAM = 29Z7LTN8PP;
				GENERATE_INFOPLIST_FILE = YES;
				INFOPLIST_FILE = EaseIdfWidget/Info.plist;
				INFOPLIST_KEY_CFBundleDisplayName = EaseIdfWidget;
				INFOPLIST_KEY_NSHumanReadableCopyright = "";
				LD_RUNPATH_SEARCH_PATHS = (
					"$(inherited)",
					"@executable_path/Frameworks",
					"@executable_path/../../Frameworks",
				);
				MARKETING_VERSION = 1.0;
				PRODUCT_BUNDLE_IDENTIFIER = com.samueldeliens.EaseIdf.EaseIdfWidget;
				PRODUCT_NAME = "$(TARGET_NAME)";
				SKIP_INSTALL = YES;
				SWIFT_EMIT_LOC_STRINGS = YES;
				SWIFT_VERSION = 5.0;
				TARGETED_DEVICE_FAMILY = "1,2";
			};
			name = Debug;
		};
		23F092092DAFECBB00FB51B1 /* Release */ = {
			isa = XCBuildConfiguration;
			buildSettings = {
				ASSETCATALOG_COMPILER_GLOBAL_ACCENT_COLOR_NAME = AccentColor;
				ASSETCATALOG_COMPILER_WIDGET_BACKGROUND_COLOR_NAME = WidgetBackground;
				CODE_SIGN_ENTITLEMENTS = EaseIdfWidgetExtension.entitlements;
				CODE_SIGN_STYLE = Automatic;
				CURRENT_PROJECT_VERSION = 1;
				DEVELOPMENT_TEAM = 29Z7LTN8PP;
				GENERATE_INFOPLIST_FILE = YES;
				INFOPLIST_FILE = EaseIdfWidget/Info.plist;
				INFOPLIST_KEY_CFBundleDisplayName = EaseIdfWidget;
				INFOPLIST_KEY_NSHumanReadableCopyright = "";
				LD_RUNPATH_SEARCH_PATHS = (
					"$(inherited)",
					"@executable_path/Frameworks",
					"@executable_path/../../Frameworks",
				);
				MARKETING_VERSION = 1.0;
				PRODUCT_BUNDLE_IDENTIFIER = com.samueldeliens.EaseIdf.EaseIdfWidget;
				PRODUCT_NAME = "$(TARGET_NAME)";
				SKIP_INSTALL = YES;
				SWIFT_EMIT_LOC_STRINGS = YES;
				SWIFT_VERSION = 5.0;
				TARGETED_DEVICE_FAMILY = "1,2";
			};
			name = Release;
		};
/* End XCBuildConfiguration section */

/* Begin XCConfigurationList section */
		230B5FAB2DAD4714000805E6 /* Build configuration list for PBXProject "EaseIdf" */ = {
			isa = XCConfigurationList;
			buildConfigurations = (
				230B5FD42DAD4718000805E6 /* Debug */,
				230B5FD52DAD4718000805E6 /* Release */,
			);
			defaultConfigurationIsVisible = 0;
			defaultConfigurationName = Release;
		};
		230B5FD62DAD4718000805E6 /* Build configuration list for PBXNativeTarget "EaseIdf" */ = {
			isa = XCConfigurationList;
			buildConfigurations = (
				230B5FD72DAD4718000805E6 /* Debug */,
				230B5FD82DAD4718000805E6 /* Release */,
			);
			defaultConfigurationIsVisible = 0;
			defaultConfigurationName = Release;
		};
		230B5FD92DAD4718000805E6 /* Build configuration list for PBXNativeTarget "EaseIdfTests" */ = {
			isa = XCConfigurationList;
			buildConfigurations = (
				230B5FDA2DAD4718000805E6 /* Debug */,
				230B5FDB2DAD4718000805E6 /* Release */,
			);
			defaultConfigurationIsVisible = 0;
			defaultConfigurationName = Release;
		};
		230B5FDC2DAD4718000805E6 /* Build configuration list for PBXNativeTarget "EaseIdfUITests" */ = {
			isa = XCConfigurationList;
			buildConfigurations = (
				230B5FDD2DAD4718000805E6 /* Debug */,
				230B5FDE2DAD4718000805E6 /* Release */,
			);
			defaultConfigurationIsVisible = 0;
			defaultConfigurationName = Release;
		};
		23F092072DAFECBB00FB51B1 /* Build configuration list for PBXNativeTarget "EaseIdfWidgetExtension" */ = {
			isa = XCConfigurationList;
			buildConfigurations = (
				23F092082DAFECBB00FB51B1 /* Debug */,
				23F092092DAFECBB00FB51B1 /* Release */,
			);
			defaultConfigurationIsVisible = 0;
			defaultConfigurationName = Release;
		};
/* End XCConfigurationList section */
	};
	rootObject = 230B5FA82DAD4714000805E6 /* Project object */;
}
